
Microsoft Visual Studio Solution File, Format Version 12.00
# Visual Studio Version 16
VisualStudioVersion = 16.0.32126.315
MinimumVisualStudioVersion = 10.0.40219.1
Project("{FAE04EC0-301F-11D3-BF4B-00C04F79EFBC}") = "Store", "Store\Store.csproj", "{6B836246-5664-4F11-A437-87BF0C87D566}"
EndProject
Project("{FAE04EC0-301F-11D3-BF4B-00C04F79EFBC}") = "Services", "Services\Services.csproj", "{ED375C3D-3149-4256-AE7B-4BDB7F2EF8A1}"
EndProject
Project("{FAE04EC0-301F-11D3-BF4B-00C04F79EFBC}") = "Data", "Data\Data.csproj", "{08FEF435-1174-431E-ABF7-AF037E1AE567}"
EndProject
Project("{FAE04EC0-301F-11D3-BF4B-00C04F79EFBC}") = "Core", "Core\Core.csproj", "{647BD329-7A81-4277-A039-957663B2F533}"
EndProject
Global
	GlobalSection(SolutionConfigurationPlatforms) = preSolution
		Debug|Any CPU = Debug|Any CPU
		Release|Any CPU = Release|Any CPU
	EndGlobalSection
	GlobalSection(ProjectConfigurationPlatforms) = postSolution
		{6B836246-5664-4F11-A437-87BF0C87D566}.Debug|Any CPU.ActiveCfg = Debug|Any CPU
		{6B836246-5664-4F11-A437-87BF0C87D566}.Debug|Any CPU.Build.0 = Debug|Any CPU
		{6B836246-5664-4F11-A437-87BF0C87D566}.Release|Any CPU.ActiveCfg = Release|Any CPU
		{6B836246-5664-4F11-A437-87BF0C87D566}.Release|Any CPU.Build.0 = Release|Any CPU
		{ED375C3D-3149-4256-AE7B-4BDB7F2EF8A1}.Debug|Any CPU.ActiveCfg = Debug|Any CPU
		{ED375C3D-3149-4256-AE7B-4BDB7F2EF8A1}.Debug|Any CPU.Build.0 = Debug|Any CPU
		{ED375C3D-3149-4256-AE7B-4BDB7F2EF8A1}.Release|Any CPU.ActiveCfg = Release|Any CPU
		{ED375C3D-3149-4256-AE7B-4BDB7F2EF8A1}.Release|Any CPU.Build.0 = Release|Any CPU
		{08FEF435-1174-431E-ABF7-AF037E1AE567}.Debug|Any CPU.ActiveCfg = Debug|Any CPU
		{08FEF435-1174-431E-ABF7-AF037E1AE567}.Debug|Any CPU.Build.0 = Debug|Any CPU
		{08FEF435-1174-431E-ABF7-AF037E1AE567}.Release|Any CPU.ActiveCfg = Release|Any CPU
		{08FEF435-1174-431E-ABF7-AF037E1AE567}.Release|Any CPU.Build.0 = Release|Any CPU
		{647BD329-7A81-4277-A039-957663B2F533}.Debug|Any CPU.ActiveCfg = Debug|Any CPU
		{647BD329-7A81-4277-A039-957663B2F533}.Debug|Any CPU.Build.0 = Debug|Any CPU
		{647BD329-7A81-4277-A039-957663B2F533}.Release|Any CPU.ActiveCfg = Release|Any CPU
		{647BD329-7A81-4277-A039-957663B2F533}.Release|Any CPU.Build.0 = Release|Any CPU
	EndGlobalSection
	GlobalSection(SolutionProperties) = preSolution
		HideSolutionNode = FALSE
	EndGlobalSection
	GlobalSection(ExtensibilityGlobals) = postSolution
		SolutionGuid = {4F393F82-AD55-4146-801F-E19037E5EEA8}
	EndGlobalSection
EndGlobal
